
Microsoft Visual Studio Solution File, Format Version 12.00
# Visual Studio Version 17
VisualStudioVersion = 17.0.31903.59
MinimumVisualStudioVersion = 10.0.40219.1
Project("{FAE04EC0-301F-11D3-BF4B-00C04F79EFBC}") = "Exercicio_1", "Exercicio_1\Exercicio_1.csproj", "{606B485A-8812-412D-8EB3-DF9C02780E97}"
EndProject
Project("{FAE04EC0-301F-11D3-BF4B-00C04F79EFBC}") = "Exercicio_2", "Exercicio_2\Exercicio_2.csproj", "{4F371F42-C0C5-43C4-A512-55F21031D70B}"
EndProject
Project("{FAE04EC0-301F-11D3-BF4B-00C04F79EFBC}") = "Exercicio_3", "Exercicio_3\Exercicio_3.csproj", "{54B6FB31-88CF-4175-9665-D78E5FA30D8C}"
EndProject
Global
	GlobalSection(SolutionConfigurationPlatforms) = preSolution
		Debug|Any CPU = Debug|Any CPU
		Release|Any CPU = Release|Any CPU
	EndGlobalSection
	GlobalSection(SolutionProperties) = preSolution
		HideSolutionNode = FALSE
	EndGlobalSection
	GlobalSection(ProjectConfigurationPlatforms) = postSolution
		{606B485A-8812-412D-8EB3-DF9C02780E97}.Debug|Any CPU.ActiveCfg = Debug|Any CPU
		{606B485A-8812-412D-8EB3-DF9C02780E97}.Debug|Any CPU.Build.0 = Debug|Any CPU
		{606B485A-8812-412D-8EB3-DF9C02780E97}.Release|Any CPU.ActiveCfg = Release|Any CPU
		{606B485A-8812-412D-8EB3-DF9C02780E97}.Release|Any CPU.Build.0 = Release|Any CPU
		{4F371F42-C0C5-43C4-A512-55F21031D70B}.Debug|Any CPU.ActiveCfg = Debug|Any CPU
		{4F371F42-C0C5-43C4-A512-55F21031D70B}.Debug|Any CPU.Build.0 = Debug|Any CPU
		{4F371F42-C0C5-43C4-A512-55F21031D70B}.Release|Any CPU.ActiveCfg = Release|Any CPU
		{4F371F42-C0C5-43C4-A512-55F21031D70B}.Release|Any CPU.Build.0 = Release|Any CPU
		{54B6FB31-88CF-4175-9665-D78E5FA30D8C}.Debug|Any CPU.ActiveCfg = Debug|Any CPU
		{54B6FB31-88CF-4175-9665-D78E5FA30D8C}.Debug|Any CPU.Build.0 = Debug|Any CPU
		{54B6FB31-88CF-4175-9665-D78E5FA30D8C}.Release|Any CPU.ActiveCfg = Release|Any CPU
		{54B6FB31-88CF-4175-9665-D78E5FA30D8C}.Release|Any CPU.Build.0 = Release|Any CPU
	EndGlobalSection
EndGlobal
